# This file is autogenerated, do not edit; changes may be undone by the next 'dep ensure'.


[[projects]]
  digest = "1:ed77032e4241e3b8329c9304d66452ed196e795876e14be677a546f36b94e67a"
  name = "github.com/DataDog/zstd"
  packages = ["."]
  pruneopts = "UT"
  revision = "c7161f8c63c045cbc7ca051dcc969dd0e4054de2"
  version = "v1.3.5"

[[projects]]
  digest = "1:82a18170c9c41e36939cb5d26da1546b2cfa786aa030a978d3bf183519849230"
  name = "github.com/Shopify/sarama"
  packages = ["."]
  pruneopts = "UT"
  revision = "4602b5a8c6e826f9e0737865818dd43b2339a092"
  version = "v1.21.0"

[[projects]]
  digest = "1:09a7f74eb6bb3c0f14d8926610c87f569c5cff68e978d30e9a3540aeb626fdf0"
  name = "github.com/bartekn/go-bip39"
  packages = ["."]
  pruneopts = "UT"
  revision = "a05967ea095d81c8fe4833776774cfaff8e5036c"

[[projects]]
  branch = "master"
  digest = "1:d6afaeed1502aa28e80a4ed0981d570ad91b2579193404256ce672ed0a609e0d"
  name = "github.com/beorn7/perks"
  packages = ["quantile"]
  pruneopts = "UT"
  revision = "3a771d992973f24aa725d07868b467d1ddfceafb"

[[projects]]
  digest = "1:1343a2963481a305ca4d051e84bc2abd16b601ee22ed324f8d605de1adb291b0"
  name = "github.com/bgentry/speakeasy"
  packages = ["."]
  pruneopts = "UT"
  revision = "4aabc24848ce5fd31929f7d1e4ea74d3709c14cd"
  version = "v0.1.0"

[[projects]]
  branch = "master"
  digest = "1:ccaef11509ae53773dc8dae04135448f8758b714cc5b61c1aef130efab501fd2"
  name = "github.com/binance-chain/tss"
  packages = [
    "client",
    "common",
    "p2p",
  ]
  pruneopts = "UT"
  revision = "c85b8440ce8234b18dfe4ffb0827bc82fabb564c"

[[projects]]
  branch = "master"
  digest = "1:1467de8f916f991be5deffeaa51b86491fcb7c21d87a8b517876756741b88f6c"
  name = "github.com/binance-chain/tss-lib"
  packages = [
    "common",
    "crypto",
    "crypto/commitments",
    "crypto/mta",
    "crypto/paillier",
    "crypto/schnorr",
    "crypto/vss",
    "ecdsa/keygen",
    "ecdsa/resharing",
    "ecdsa/signing",
    "tss",
  ]
  pruneopts = "UT"
  revision = "148b4bd4c6b4cd59a39bc94dcef54ae21e80657d"

[[projects]]
  digest = "1:093bf93a65962e8191e3e8cd8fc6c363f83d43caca9739c906531ba7210a9904"
  name = "github.com/btcsuite/btcd"
  packages = ["btcec"]
  pruneopts = "UT"
  revision = "ed77733ec07dfc8a513741138419b8d9d3de9d2d"

[[projects]]
  digest = "1:386de157f7d19259a7f9c81f26ce011223ce0f090353c1152ffdf730d7d10ac2"
  name = "github.com/btcsuite/btcutil"
  packages = ["bech32"]
  pruneopts = "UT"
  revision = "d4cc87b860166d00d6b5b9e0d3b3d71d6088d4d4"

[[projects]]
  digest = "1:05ffeeed3f0f05520de0679f6aa3219ffee69cfd6d9fb6c194879d4c818ad670"
  name = "github.com/coreos/go-semver"
  packages = ["semver"]
  pruneopts = "UT"
  revision = "e214231b295a8ea9479f11b70b35d5acf3556d9b"
  version = "v0.3.0"

[[projects]]
  branch = "tss_mvp"
  digest = "1:581166f2ff92ff7306b606d3a2faf3d78fa29b6e1b574f7839ed250376de8f30"
  name = "github.com/cosmos/cosmos-sdk"
  packages = [
    "baseapp",
    "client",
    "client/context",
    "client/keys",
    "client/rpc",
    "client/tx",
    "client/utils",
    "codec",
    "crypto",
    "crypto/keys",
    "crypto/keys/hd",
    "crypto/keys/keyerror",
    "crypto/keys/mintkey",
    "server",
    "server/concurrent",
    "server/concurrent/pool",
    "server/config",
    "server/mock",
    "store",
    "types",
    "version",
    "x/auth",
    "x/auth/client/cli",
    "x/auth/client/rest",
    "x/auth/client/txbuilder",
    "x/bank",
    "x/bank/client",
    "x/bank/client/cli",
    "x/bank/client/rest",
    "x/gov",
    "x/gov/client",
    "x/gov/client/cli",
    "x/gov/client/rest",
    "x/gov/tags",
    "x/mock",
    "x/params",
    "x/params/subspace",
    "x/stake",
    "x/stake/client/cli",
    "x/stake/keeper",
    "x/stake/querier",
    "x/stake/tags",
    "x/stake/types",
  ]
  pruneopts = "UT"
  revision = "7f2cc3f782d900772b2569b0c052b0419321e647"
  source = "github.com/binance-chain/bnc-cosmos-sdk"

[[projects]]
  digest = "1:e8a3550c8786316675ff54ad6f09d265d129c9d986919af7f541afba50d87ce2"
  name = "github.com/cosmos/go-bip39"
  packages = ["."]
  pruneopts = "UT"
  revision = "52158e4697b87de16ed390e1bdaf813e581008fa"

[[projects]]
  digest = "1:34efba6719d5a29ddc868bf772b864980654dc1a1c18e06659e4246ea1665fb8"
  name = "github.com/cosmos/ledger-go"
  packages = ["."]
  pruneopts = "UT"
  revision = "1c99b41f1877b58e3517ef93012cc76fe5cd335b"
  version = "v0.9.2"

[[projects]]
  digest = "1:a2c1d0e43bd3baaa071d1b9ed72c27d78169b2b269f71c105ac4ba34b1be4a39"
  name = "github.com/davecgh/go-spew"
  packages = ["spew"]
  pruneopts = "UT"
  revision = "346938d642f2ec3594ed81d874461961cd0faa76"
  version = "v1.1.0"

[[projects]]
  branch = "master"
  digest = "1:75e94e18a5a4c21dc33278226583399a994f9624cac82eb6cdb2a278b2f1d0fa"
  name = "github.com/deathowl/go-metrics-prometheus"
  packages = ["."]
  pruneopts = "UT"
  revision = "091131e49c335a452af504b8104ac262da41a6e9"

[[projects]]
  digest = "1:1f0c7ab489b407a7f8f9ad16c25a504d28ab461517a971d341388a56156c1bd7"
  name = "github.com/eapache/go-resiliency"
  packages = ["breaker"]
  pruneopts = "UT"
  revision = "ea41b0fad31007accc7f806884dcdf3da98b79ce"
  version = "v1.1.0"

[[projects]]
  branch = "master"
  digest = "1:79f16588b5576b1b3cd90e48d2374cc9a1a8776862d28d8fd0f23b0e15534967"
  name = "github.com/eapache/go-xerial-snappy"
  packages = ["."]
  pruneopts = "UT"
  revision = "776d5712da21bc4762676d614db1d8a64f4238b0"

[[projects]]
  digest = "1:444b82bfe35c83bbcaf84e310fb81a1f9ece03edfed586483c869e2c046aef69"
  name = "github.com/eapache/queue"
  packages = ["."]
  pruneopts = "UT"
  revision = "44cc805cf13205b55f69e14bcb69867d1ae92f98"
  version = "v1.1.0"

[[projects]]
  digest = "1:abeb38ade3f32a92943e5be54f55ed6d6e3b6602761d74b4aab4c9dd45c18abd"
  name = "github.com/fsnotify/fsnotify"
  packages = ["."]
  pruneopts = "UT"
  revision = "c2828203cd70a50dcccfb2761f8b1f8ceef9a8e9"
  version = "v1.4.7"

[[projects]]
  digest = "1:fdf5169073fb0ad6dc12a70c249145e30f4058647bea25f0abd48b6d9f228a11"
  name = "github.com/go-kit/kit"
  packages = [
    "log",
    "log/level",
    "log/term",
    "metrics",
    "metrics/discard",
    "metrics/internal/lv",
    "metrics/prometheus",
  ]
  pruneopts = "UT"
  revision = "4dc7be5d2d12881735283bcab7352178e190fc71"
  version = "v0.6.0"

[[projects]]
  digest = "1:31a18dae27a29aa074515e43a443abfd2ba6deb6d69309d8d7ce789c45f34659"
  name = "github.com/go-logfmt/logfmt"
  packages = ["."]
  pruneopts = "UT"
  revision = "390ab7935ee28ec6b286364bba9b4dd6410cb3d5"
  version = "v0.3.0"

[[projects]]
  digest = "1:c4a2528ccbcabf90f9f3c464a5fc9e302d592861bbfd0b7135a7de8a943d0406"
  name = "github.com/go-stack/stack"
  packages = ["."]
  pruneopts = "UT"
  revision = "259ab82a6cad3992b4e21ff5cac294ccb06474bc"
  version = "v1.7.0"

[[projects]]
  digest = "1:e99afde00eec05fcc471e36136e4aa1374484eaa205d4c7c73393fbc703c73f4"
  name = "github.com/gogo/protobuf"
  packages = [
    "gogoproto",
    "io",
    "jsonpb",
    "proto",
    "protoc-gen-gogo/descriptor",
    "sortkeys",
    "types",
  ]
  pruneopts = "UT"
  revision = "ba06b47c162d49f2af050fb4c75bcbc86a159d5c"
  version = "v1.2.1"

[[projects]]
  branch = "master"
  digest = "1:6eaa0d2db3a9b32c5e5f5f88f81f6605b1cc3535ce93ba7debe9e3bb96a25c67"
  name = "github.com/golang/go"
  packages = ["src/io/ioutil"]
  pruneopts = "UT"
  revision = "efd229238aceefdee6a00ea28b61c924c2b5f1a5"

[[projects]]
  digest = "1:239c4c7fd2159585454003d9be7207167970194216193a8a210b8d29576f19c9"
  name = "github.com/golang/protobuf"
  packages = [
    "proto",
    "ptypes",
    "ptypes/any",
    "ptypes/duration",
    "ptypes/timestamp",
  ]
  pruneopts = "UT"
  revision = "b5d812f8a3706043e23a9cd5babf2e5423744d30"
  version = "v1.3.1"

[[projects]]
  branch = "master"
  digest = "1:4a0c6bb4805508a6287675fac876be2ac1182539ca8a32468d8128882e9d5009"
  name = "github.com/golang/snappy"
  packages = ["."]
  pruneopts = "UT"
  revision = "2e65f85255dbc3072edf28d6b5b8efc472979f5a"

[[projects]]
  branch = "master"
  digest = "1:9887333bbef17574b1db5f9893ea137ac44107235d624408a3ac9e0b98fbb2cb"
  name = "github.com/google/btree"
  packages = ["."]
  pruneopts = "UT"
  revision = "e89373fe6b4a7413d7acd6da1725b83ef713e6e4"

[[projects]]
  digest = "1:582b704bebaa06b48c29b0cec224a6058a09c86883aaddabde889cd1a5f73e1b"
  name = "github.com/google/uuid"
  packages = ["."]
  pruneopts = "UT"
  revision = "0cd6bf5da1e1c83f8b45653022c74f71af0538a4"
  version = "v1.1.1"

[[projects]]
  digest = "1:c79fb010be38a59d657c48c6ba1d003a8aa651fa56b579d959d74573b7dff8e1"
  name = "github.com/gorilla/context"
  packages = ["."]
  pruneopts = "UT"
  revision = "08b5f424b9271eedf6f9f0ce86cb9396ed337a42"
  version = "v1.1.1"

[[projects]]
  digest = "1:e73f5b0152105f18bc131fba127d9949305c8693f8a762588a82a48f61756f5f"
  name = "github.com/gorilla/mux"
  packages = ["."]
  pruneopts = "UT"
  revision = "e3702bed27f0d39777b0b37b664b6280e8ef8fbf"
  version = "v1.6.2"

[[projects]]
  digest = "1:43dd08a10854b2056e615d1b1d22ac94559d822e1f8b6fcc92c1a1057e85188e"
  name = "github.com/gorilla/websocket"
  packages = ["."]
  pruneopts = "UT"
  revision = "ea4d1f681babbce9545c9c5f3d5194a789c89f5b"
  version = "v1.2.0"

[[projects]]
  digest = "1:8ec8d88c248041a6df5f6574b87bc00e7e0b493881dad2e7ef47b11dc69093b5"
  name = "github.com/hashicorp/golang-lru"
  packages = [
    ".",
    "simplelru",
  ]
  pruneopts = "UT"
  revision = "20f1fb78b0740ba8c3cb143a61e86ba5c8669768"
  version = "v0.5.0"

[[projects]]
  branch = "master"
  digest = "1:a361611b8c8c75a1091f00027767f7779b29cb37c456a71b8f2604c88057ab40"
  name = "github.com/hashicorp/hcl"
  packages = [
    ".",
    "hcl/ast",
    "hcl/parser",
    "hcl/printer",
    "hcl/scanner",
    "hcl/strconv",
    "hcl/token",
    "json/parser",
    "json/scanner",
    "json/token",
  ]
  pruneopts = "UT"
  revision = "ef8a98b0bbce4a65b5aa4c368430a80ddc533168"

[[projects]]
  digest = "1:c00cc6d95a674b4b923ac069d364445043bc67836e9bd8aeff8440cfbe6a2cc7"
  name = "github.com/huin/goupnp"
  packages = [
    ".",
    "dcps/internetgateway1",
    "dcps/internetgateway2",
    "httpu",
    "scpd",
    "soap",
    "ssdp",
  ]
  pruneopts = "UT"
  revision = "656e61dfadd241c7cbdd22a023fa81ecb6860ea8"
  version = "v1.0.0"

[[projects]]
  digest = "1:870d441fe217b8e689d7949fef6e43efbc787e50f200cb1e70dbca9204a1d6be"
  name = "github.com/inconshreveable/mousetrap"
  packages = ["."]
  pruneopts = "UT"
  revision = "76626ae9c91c4f2a10f34cad8ce83ea42c93bb75"
  version = "v1.0"

[[projects]]
  digest = "1:664cf1fc1e6ec05988cc6b8f52a61fca914279a92dcd0bc1b8be5507fb3b0c8a"
  name = "github.com/ipfs/go-cid"
  packages = ["."]
  pruneopts = "UT"
  revision = "b1cc3e404d48791056147f118ea7e7ea94eb946f"
  version = "v0.0.2"

[[projects]]
  digest = "1:cfea9f0d7922f624c9cc312a6fed0bd5a0fe63f5ec728df09b796484b3696d0a"
  name = "github.com/ipfs/go-datastore"
  packages = [
    ".",
    "autobatch",
    "query",
    "sync",
  ]
  pruneopts = "UT"
  revision = "aa9190c18f1576be98e974359fd08c64ca0b5a94"
  version = "v0.0.5"

[[projects]]
  digest = "1:0b4439ae69776549e6489b261f66894a1390140dad53f1c3b1fbfc074478590d"
  name = "github.com/ipfs/go-ipfs-util"
  packages = ["."]
  pruneopts = "UT"
  revision = "a4bb5361e49427531f9a716ead2ce4bd9bdd7959"
  version = "v0.0.1"

[[projects]]
  digest = "1:e8c78569402b8dcf846924dea6eb27b1de135c9a53d7adbd2629250ef66c021a"
  name = "github.com/ipfs/go-log"
  packages = [
    ".",
    "tracer",
    "tracer/wire",
    "writer",
  ]
  pruneopts = "UT"
  revision = "91b837264c0f35dd4e2be341d711316b91d3573d"
  version = "v0.0.1"

[[projects]]
  digest = "1:5d5961815f8e4f1fbad28f6c7ff5e42fcd9527aa823a5daa19b622b9cc41d1ed"
  name = "github.com/ipfs/go-todocounter"
  packages = ["."]
  pruneopts = "UT"
  revision = "bc75efcf13e6e50fbba27679ba5451585d70c954"
  version = "v0.0.1"

[[projects]]
  digest = "1:b352ae8b1a77cc6b48fc8e314e34a522cfc76d6ca3a06c93b29c9cde5de6771e"
  name = "github.com/jackpal/gateway"
  packages = ["."]
  pruneopts = "UT"
  revision = "cbcf4e3f3baee7952fc386c8b2534af4d267c875"
  version = "v1.0.5"

[[projects]]
  digest = "1:32b82e71cf24f8b78323e0d7903c4b90278486283965aa2a19b1ea13763b8f34"
  name = "github.com/jackpal/go-nat-pmp"
  packages = ["."]
  pruneopts = "UT"
  revision = "c9cfead9f2a36ddf3daa40ba269aa7f4bbba6b62"
  version = "v1.0.1"

[[projects]]
  branch = "master"
  digest = "1:8f4aedc183dc8dfef9a7a1f1ba205dc87ecd2675eea350a736bda889e3bcf8ea"
  name = "github.com/jbenet/go-temp-err-catcher"
  packages = ["."]
  pruneopts = "UT"
  revision = "aac704a3f4f27190b4ccc05f303a4931fd1241ff"

[[projects]]
  digest = "1:ee4b434dc3622e5c25a611ce314d40dd724495f27968797a2589a4d89eeed7eb"
  name = "github.com/jbenet/goprocess"
  packages = [
    ".",
    "context",
    "periodic",
    "ratelimit",
  ]
  pruneopts = "UT"
  revision = "7f9d9ed286badffcf2122cfeb383ec37daf92508"
  version = "v0.1.3"

[[projects]]
  digest = "1:a74b5a8e34ee5843cd6e65f698f3e75614f812ff170c2243425d75bc091e9af2"
  name = "github.com/jmhodges/levigo"
  packages = ["."]
  pruneopts = "UT"
  revision = "853d788c5c416eaaee5b044570784a96c7a26975"
  version = "v1.0.0"

[[projects]]
  digest = "1:58ad79834dc097c36a857a8c325d646af0a8bbd73375a6958a639507c5399a61"
  name = "github.com/koron/go-ssdp"
  packages = ["."]
  pruneopts = "UT"
  revision = "6d1709049dead37ead37808479f88c9bffa2c4d6"
  version = "v0.1"

[[projects]]
  branch = "master"
  digest = "1:a64e323dc06b73892e5bb5d040ced475c4645d456038333883f58934abbf6f72"
  name = "github.com/kr/logfmt"
  packages = ["."]
  pruneopts = "UT"
  revision = "b84e30acd515aadc4b783ad4ff83aff3299bdfe0"

[[projects]]
  digest = "1:483fcb9b21a758b47501f8880628b85aa3c4e99e33166867d06fa278965c66b2"
  name = "github.com/libp2p/go-addr-util"
  packages = ["."]
  pruneopts = "UT"
  revision = "4cd36c0f325f9e38f1e31ff7a10b9d94d53a11cf"
  version = "v0.0.1"

[[projects]]
  digest = "1:b18a269f11ff51135d6f82987dbb53288f4d66098a6639b429f4f494a910155b"
  name = "github.com/libp2p/go-buffer-pool"
  packages = ["."]
  pruneopts = "UT"
  revision = "c4a5988a1e475884367015e1a2d0bd5fa4c491f4"
  version = "v0.0.2"

[[projects]]
  digest = "1:041a5219e2f0c1fa2af5d25aee6970600ba2ac055ba386c18cfe960d392df3db"
  name = "github.com/libp2p/go-conn-security-multistream"
  packages = ["."]
  pruneopts = "UT"
  revision = "09b4134a655b5fc883a5bdd62ea12db6e0a1b095"
  version = "v0.1.0"

[[projects]]
  digest = "1:2f702c417d2198317aae9013abd41eac74c770ec8e9d838c6a6a49d35289bebc"
  name = "github.com/libp2p/go-eventbus"
  packages = ["."]
  pruneopts = "UT"
  revision = "4afad1f6206cb9222914f2ec6ab9d0b414705c54"
  version = "v0.0.3"

[[projects]]
  digest = "1:83d3d59c84ff3da342ab63011d79750ccb987bda399eb64db3abd3e2fd32c18f"
  name = "github.com/libp2p/go-flow-metrics"
  packages = ["."]
  pruneopts = "UT"
  revision = "1f5b3acc846b2c8ce4c4e713296af74f5c24df55"
  version = "v0.0.1"

[[projects]]
  digest = "1:f13665222bb08c6726fb4fdbc0f2a0739e2c1041314d173f699e279f6a833d16"
  name = "github.com/libp2p/go-libp2p"
  packages = [
    ".",
    "config",
    "p2p/host/basic",
    "p2p/host/relay",
    "p2p/host/routed",
    "p2p/protocol/identify",
    "p2p/protocol/identify/pb",
    "p2p/protocol/ping",
  ]
  pruneopts = "UT"
  revision = "e69d17141ca58ba6afbf13098e90c9377938e590"
  version = "v0.2.0"

[[projects]]
  digest = "1:9a8251be38a87690510affa2e2fb04799a066b8ef49edc25a6acd30760d40792"
  name = "github.com/libp2p/go-libp2p-autonat"
  packages = [
    ".",
    "pb",
  ]
  pruneopts = "UT"
  revision = "3464f9b4f7bfbd7bb008813eacb626c7ab7fb9a3"
  version = "v0.1.0"

[[projects]]
  digest = "1:3da4ac7b6ea1fd52a22012966d7c744715a5cabfea013be30cb0d595bcfcdd3f"
  name = "github.com/libp2p/go-libp2p-circuit"
  packages = [
    ".",
    "pb",
  ]
  pruneopts = "UT"
  revision = "e65c36f3bb806cf658db0f0b612879899e2d28dc"
  version = "v0.1.0"

[[projects]]
  digest = "1:ad0cfcffc5699299e29595f1d5b7696df661a54be49e227aca048275569beba0"
  name = "github.com/libp2p/go-libp2p-core"
  packages = [
    "connmgr",
    "crypto",
    "crypto/pb",
    "discovery",
    "event",
    "helpers",
    "host",
    "metrics",
    "mux",
    "network",
    "peer",
    "peerstore",
    "pnet",
    "protocol",
    "routing",
    "sec",
    "sec/insecure",
    "transport",
  ]
  pruneopts = "UT"
  revision = "786c4f4e0f0af96fb69223268da4d0bf123841d8"
  version = "v0.0.6"

[[projects]]
  digest = "1:0333065da4682126d7c1aa07dd11d94accc3b93b48945ebb7f6a921e2f6b0db2"
  name = "github.com/libp2p/go-libp2p-discovery"
  packages = ["."]
  pruneopts = "UT"
  revision = "d248d63b0af8c023307da18ad7000a12020e06f0"
  version = "v0.1.0"

[[projects]]
  digest = "1:5f0285a2a1def2814e0087e5ddc2fec6580000b4748426123328be587022368f"
  name = "github.com/libp2p/go-libp2p-kad-dht"
  packages = [
    ".",
    "metrics",
    "opts",
    "pb",
    "providers",
  ]
  pruneopts = "UT"
  revision = "874e3d3fa068272afc6006b29c51ec8529b1b5ea"
  version = "v0.1.1"

[[projects]]
  digest = "1:d750c3b6c1c69bab8ed996ca6c053e0a13db53d2c51937a0debc40174c77bfc1"
  name = "github.com/libp2p/go-libp2p-kbucket"
  packages = [
    ".",
    "keyspace",
  ]
  pruneopts = "UT"
  revision = "3752ea0128fd84b4fef0a66739b8ca95c8a471b6"
  version = "v0.2.0"

[[projects]]
  digest = "1:645c5ab1429b06141e0d22852df9561e04b3759380f6657f0b510a30eef83665"
  name = "github.com/libp2p/go-libp2p-loggables"
  packages = ["."]
  pruneopts = "UT"
  revision = "814642b01726ff6f9302e8ce9eeeb00d25409520"
  version = "v0.1.0"

[[projects]]
  digest = "1:714ce7cff748910cfc250713300d24ece7d4832156ba7a245e7ac5fc810c7319"
  name = "github.com/libp2p/go-libp2p-mplex"
  packages = ["."]
  pruneopts = "UT"
  revision = "811729f15f0af13fe3f0d9e410c22f6a4bc5c686"
  version = "v0.2.1"

[[projects]]
  digest = "1:4614c7d351b9cc24ef6457107fad9830664615bb7d7de91de10c4a4ab1919545"
  name = "github.com/libp2p/go-libp2p-nat"
  packages = ["."]
  pruneopts = "UT"
  revision = "c50c291a61bceccb914366d93eb24f58594e9134"
  version = "v0.0.4"

[[projects]]
  digest = "1:8cc827922884ec15da88b260082526f90a16252571590019776608bfed5dc715"
  name = "github.com/libp2p/go-libp2p-peerstore"
  packages = [
    ".",
    "addr",
    "pstoremem",
    "queue",
  ]
  pruneopts = "UT"
  revision = "c11298943ef400535dac08ec6cbeff747cbe7e99"
  version = "v0.1.1"

[[projects]]
  digest = "1:524733c74ff3b3fad069dbfda7b21c532c2411125b5bd60a7560f90cdbf82eab"
  name = "github.com/libp2p/go-libp2p-record"
  packages = [
    ".",
    "pb",
  ]
  pruneopts = "UT"
  revision = "4837430afd8f3864d4805d7a1675521abb1096b4"
  version = "v0.1.0"

[[projects]]
  digest = "1:ab8374423f8b7148d55e6d7ec848d248a0707b2af8a8b8a5b3608887d9ec485d"
  name = "github.com/libp2p/go-libp2p-routing"
  packages = ["notifications"]
  pruneopts = "UT"
  revision = "f4ece6c1baa8e77ee488b25014fcb1059955ed0f"
  version = "v0.1.0"

[[projects]]
  digest = "1:d0bed92a182074cefb3f2e1beb5d250618ab38b2fb2dbcaf0496c20c77acf8da"
  name = "github.com/libp2p/go-libp2p-secio"
  packages = [
    ".",
    "pb",
  ]
  pruneopts = "UT"
  revision = "a158134b5708e33fa36545d8ba8e27ea1c8ae54e"
  version = "v0.1.0"

[[projects]]
  digest = "1:f31ad6760459871d5d928ed1b44aa1a1ca0879f48bb8fafef48cde9944452dc7"
  name = "github.com/libp2p/go-libp2p-swarm"
  packages = ["."]
  pruneopts = "UT"
  revision = "4a42085d76199475c2014c4557895d42d2ff85d9"
  version = "v0.1.1"

[[projects]]
  digest = "1:2fcb80000123d80148ce210a053a226d52dc891419905d7ff076c164825da50d"
  name = "github.com/libp2p/go-libp2p-transport-upgrader"
  packages = ["."]
  pruneopts = "UT"
  revision = "07ed92ccf9aba3a2e4b2fddc4c17ced060524922"
  version = "v0.1.1"

[[projects]]
  digest = "1:c476d8c20126fdc217055de367da2a8c4d78da52bf0818dedd6c92e87795021c"
  name = "github.com/libp2p/go-libp2p-yamux"
  packages = ["."]
  pruneopts = "UT"
  revision = "a61e80cb5770aa0d9b1bafe94da1278f58baa2c5"
  version = "v0.2.1"

[[projects]]
  digest = "1:da5210a8d4351f2a89d4c051d6faa3515f9c5330656c2ad53c915c63297c69b2"
  name = "github.com/libp2p/go-maddr-filter"
  packages = ["."]
  pruneopts = "UT"
  revision = "4d5679194bce9c87a81d3b9948a4b5edd5ddc094"
  version = "v0.0.5"

[[projects]]
  digest = "1:fd01fc96631a63d323f17fcbd64161804439855404b9405db14deacba9e1b69c"
  name = "github.com/libp2p/go-mplex"
  packages = ["."]
  pruneopts = "UT"
  revision = "62fe9554facaec3f80333b61ea8d694fe615705f"
  version = "v0.1.0"

[[projects]]
  digest = "1:c9e9340913c74e8a3e93cbf8e60d93563ac780ea3ea0cd77a4ff501e6d0c18aa"
  name = "github.com/libp2p/go-msgio"
  packages = ["."]
  pruneopts = "UT"
  revision = "9142103f7d8dc5a74a91116b8f927fe8d8bf4a96"
  version = "v0.0.4"

[[projects]]
  digest = "1:82e0411449d8af0c34e200cd6b90e70689d692d17f836906194fa9fc28692e80"
  name = "github.com/libp2p/go-nat"
  packages = ["."]
  pruneopts = "UT"
  revision = "d13fdefb3bbb2fde2c6fc090a7ea992cec8b26df"
  version = "v0.0.3"

[[projects]]
  digest = "1:3218d9edf75d814d2994ce4b14fae01c657a3284af84522efcc8dee89806f4ca"
  name = "github.com/libp2p/go-reuseport"
  packages = ["."]
  pruneopts = "UT"
  revision = "3e6d618acfdfacbbeff71cb2bd70fc188f897a0f"
  version = "v0.0.1"

[[projects]]
  digest = "1:bf12fbd51fb864c9e2cb688581d3c14551a8c3d1c2fa60c9ad405c532e1b9d42"
  name = "github.com/libp2p/go-reuseport-transport"
  packages = ["."]
  pruneopts = "UT"
  revision = "c7583c88df654a2ecd621e863f661783d79b64d1"
  version = "v0.0.2"

[[projects]]
  digest = "1:58a6c4b9e52e298228703f9bf480d65c40ede7152a9ad17aa1eafe618ed0b43a"
  name = "github.com/libp2p/go-stream-muxer-multistream"
  packages = ["."]
  pruneopts = "UT"
  revision = "2439b02deee2de8bb1fe24473d3d8333008a714a"
  version = "v0.2.0"

[[projects]]
  digest = "1:ac5ce11098023fcf8164307727a2b99d69e2bb84a3b1f4bc3e1d10fd72f9bdbd"
  name = "github.com/libp2p/go-tcp-transport"
  packages = ["."]
  pruneopts = "UT"
  revision = "415627e90148700bf97890e54b193a42125c3b66"
  version = "v0.1.0"

[[projects]]
  digest = "1:b1436d41d493ff2d51052838e0415c26366314febead5051f732f5c98e3729f1"
  name = "github.com/libp2p/go-ws-transport"
  packages = ["."]
  pruneopts = "UT"
  revision = "6efd965516262a6b6e46ea987b94904ef13e59bc"
  version = "v0.1.0"

[[projects]]
  digest = "1:64fdef1e970d17504d960d18412125e85ca620703e495105b3fbffee27acf568"
  name = "github.com/libp2p/go-yamux"
  packages = ["."]
  pruneopts = "UT"
  revision = "663972181d409e7263040f0b668462f87c85e1bd"
  version = "v1.2.3"

[[projects]]
  digest = "1:9d18f9aaff17b735aae72ace5ab8b39e80dc8e9c3b07a58372681cf724aca540"
  name = "github.com/linkedin/goavro"
  packages = ["."]
  pruneopts = "UT"
  revision = "fa8f6a30176ce945e115db0afad95ede93725eec"
  version = "v2.3.0"

[[projects]]
  digest = "1:c568d7727aa262c32bdf8a3f7db83614f7af0ed661474b24588de635c20024c7"
  name = "github.com/magiconair/properties"
  packages = ["."]
  pruneopts = "UT"
  revision = "c2353362d570a7bfa228149c62842019201cfb71"
  version = "v1.8.0"

[[projects]]
  digest = "1:7c084e0e780596dd2a7e20d25803909a9a43689c153de953520dfbc0b0e51166"
  name = "github.com/mattn/go-colorable"
  packages = ["."]
  pruneopts = "UT"
  revision = "8029fb3788e5a4a9c00e415f586a6d033f5d38b3"
  version = "v0.1.2"

[[projects]]
  digest = "1:d4d17353dbd05cb52a2a52b7fe1771883b682806f68db442b436294926bbfafb"
  name = "github.com/mattn/go-isatty"
  packages = ["."]
  pruneopts = "UT"
  revision = "0360b2af4f38e8d38c7fce2a9f4e702702d73a39"
  version = "v0.0.3"

[[projects]]
  digest = "1:ff5ebae34cfbf047d505ee150de27e60570e8c394b3b8fdbb720ff6ac71985fc"
  name = "github.com/matttproud/golang_protobuf_extensions"
  packages = ["pbutil"]
  pruneopts = "UT"
  revision = "c12348ce28de40eed0136aa2b644d0ee0650e56c"
  version = "v1.0.1"

[[projects]]
  branch = "master"
  digest = "1:130cefe87d7eeefc824978dcb78e35672d4c49a11f25c153fbf0cfd952756fa3"
  name = "github.com/minio/blake2b-simd"
  packages = ["."]
  pruneopts = "UT"
  revision = "3f5f724cb5b182a5c278d6d3d55b40e7f8c2efb4"

[[projects]]
  digest = "1:d69117243f58a0d320c2889872d8c14d323d865277dc49fc85bfcf48b2846b8f"
  name = "github.com/minio/sha256-simd"
  packages = ["."]
  pruneopts = "UT"
  revision = "05b4dd3047e5d6e86cb4e0477164b850cd896261"
  version = "v0.1.0"

[[projects]]
  digest = "1:78bbb1ba5b7c3f2ed0ea1eab57bdd3859aec7e177811563edc41198a760b06af"
  name = "github.com/mitchellh/go-homedir"
  packages = ["."]
  pruneopts = "UT"
  revision = "ae18d6b8b3205b561c79e8e5f69bff09736185f4"
  version = "v1.0.0"

[[projects]]
  branch = "master"
  digest = "1:e730597b38a4d56e2361e0b6236cb800e52c73cace2ff91396f4ff35792ddfa7"
  name = "github.com/mitchellh/mapstructure"
  packages = ["."]
  pruneopts = "UT"
  revision = "bb74f1db0675b241733089d5a1faa5dd8b0ef57b"

[[projects]]
  digest = "1:b6299badabd66eaede0651e2eaede106d8298b25564e4a7f23e335471d3e5a35"
  name = "github.com/mr-tron/base58"
  packages = ["base58"]
  pruneopts = "UT"
  revision = "d504ab2e22d97cb9f10b1d146a1e6a063f4a5f43"
  version = "v1.1.2"

[[projects]]
  digest = "1:b9fe622bbadbb060338620752b1cb3aa1473855071195ebe83813af5ebb3629b"
  name = "github.com/multiformats/go-base32"
  packages = ["."]
  pruneopts = "UT"
  revision = "a9c2755c3d1672dbe6a7e4a5d182169fa30b6a8e"
  version = "v0.0.3"

[[projects]]
  digest = "1:c95537699dfc9ecc62c2bb273fd2fdf5810ce23ed50f25529c17f755a052a7c3"
  name = "github.com/multiformats/go-multiaddr"
  packages = ["."]
  pruneopts = "UT"
  revision = "5b1de2f51ff2368d5ce94a659f15ef26be273cd0"
  version = "v0.0.4"

[[projects]]
  digest = "1:e7b7007612b49b368d5b505b624b399a1de5fe2764271b92145aa9ca0440ab4e"
  name = "github.com/multiformats/go-multiaddr-dns"
  packages = ["."]
  pruneopts = "UT"
  revision = "e7c544d7a325c57bdbd7e9ba9c035a6701c5c7d2"
  version = "v0.0.2"

[[projects]]
  digest = "1:1275cf8587ba416c439453ee4b194b803270b836831c487b3da3cf9d82f58bb7"
  name = "github.com/multiformats/go-multiaddr-fmt"
  packages = ["."]
  pruneopts = "UT"
  revision = "7d8102a98552c80f8a5ccb9c01e670fac17fd6df"
  version = "v0.0.1"

[[projects]]
  digest = "1:ccb950e76138c70abe765c3b9c0e6cad0e55fc66ff53318cea8b651df9f892c7"
  name = "github.com/multiformats/go-multiaddr-net"
  packages = ["."]
  pruneopts = "UT"
  revision = "bd61b0499a3cfc893a8eb109c5669342b1671881"
  version = "v0.0.1"

[[projects]]
  digest = "1:8f2a32f6d211bf2685d5c47ace5d6b59bd4359f69e92b632793d066129a65c4e"
  name = "github.com/multiformats/go-multibase"
  packages = ["."]
  pruneopts = "UT"
  revision = "d63641945dc1749baa23686ad0564ad63fef0493"
  version = "v0.0.1"

[[projects]]
  digest = "1:83c4c7eef11b74d0dfacdd9464e4d694ebc3d2012c7f295a92551bb1b3a1b32a"
  name = "github.com/multiformats/go-multihash"
  packages = ["."]
  pruneopts = "UT"
  revision = "0e239d8fa37b597bd150660e5b6845570aa5b833"
  version = "v0.0.6"

[[projects]]
  digest = "1:026ef80e6db7432132c7687d23b465e0c4bdb47a4aed893ee4b7d528a0550059"
  name = "github.com/multiformats/go-multistream"
  packages = ["."]
  pruneopts = "UT"
  revision = "039807e4901c4b2041f40a0e4aa32d72939608aa"
  version = "v0.1.0"

[[projects]]
  digest = "1:c805e517269b0ba4c21ded5836019ed7d16953d4026cb7d00041d039c7906be9"
  name = "github.com/natefinch/lumberjack"
  packages = ["."]
  pruneopts = "UT"
  revision = "a96e63847dc3c67d17befa69c303767e2f84e54f"
  version = "v2.1"

[[projects]]
  digest = "1:11e62d6050198055e6cd87ed57e5d8c669e84f839c16e16f192374d913d1a70d"
  name = "github.com/opentracing/opentracing-go"
  packages = [
    ".",
    "ext",
    "log",
  ]
  pruneopts = "UT"
  revision = "659c90643e714681897ec2521c60567dd21da733"
  version = "v1.1.0"

[[projects]]
  digest = "1:fa1bef2c14ee67278566fec6080521b6075da39a19bfd639da74dbe4431d0c9f"
  name = "github.com/otiai10/primes"
  packages = ["."]
  pruneopts = "UT"
  revision = "aa03df258b6e68a97ee837346b8afa8f1539ba83"
  version = "0.2"

[[projects]]
  digest = "1:95741de3af260a92cc5c7f3f3061e85273f5a81b5db20d4bd68da74bd521675e"
  name = "github.com/pelletier/go-toml"
  packages = ["."]
  pruneopts = "UT"
  revision = "c01d1270ff3e442a8a57cddc1c92dc1138598194"
  version = "v1.2.0"

[[projects]]
  branch = "master"
  digest = "1:3bf17a6e6eaa6ad24152148a631d18662f7212e21637c2699bff3369b7f00fa2"
  name = "github.com/petar/GoLLRB"
  packages = ["llrb"]
  pruneopts = "UT"
  revision = "53be0d36a84c2a886ca057d34b6aa4468df9ccb4"

[[projects]]
  digest = "1:29803f52611cbcc1dfe55b456e9fdac362af7248b3d29d7ea1bec0a12e71dff4"
  name = "github.com/pierrec/lz4"
  packages = [
    ".",
    "internal/xxh32",
  ]
  pruneopts = "UT"
  revision = "1958fd8fff7f115e79725b1288e0b878b3e06b00"
  version = "v2.0.3"

[[projects]]
  digest = "1:40e195917a951a8bf867cd05de2a46aaf1806c50cf92eebf4c16f78cd196f747"
  name = "github.com/pkg/errors"
  packages = ["."]
  pruneopts = "UT"
  revision = "645ef00459ed84a119197bfb8d8205042c6df63d"
  version = "v0.8.0"

[[projects]]
  digest = "1:0028cb19b2e4c3112225cd871870f2d9cf49b9b4276531f03438a88e94be86fe"
  name = "github.com/pmezard/go-difflib"
  packages = ["difflib"]
  pruneopts = "UT"
  revision = "792786c7400a136282c1664665ae0a8db921c6c2"
  version = "v1.0.0"

[[projects]]
  digest = "1:93a746f1060a8acbcf69344862b2ceced80f854170e1caae089b2834c5fbf7f4"
  name = "github.com/prometheus/client_golang"
  packages = [
    "prometheus",
    "prometheus/internal",
    "prometheus/promhttp",
  ]
  pruneopts = "UT"
  revision = "505eaef017263e299324067d40ca2c48f6a2cf50"
  version = "v0.9.2"

[[projects]]
  branch = "master"
  digest = "1:32d10bdfa8f09ecf13598324dba86ab891f11db3c538b6a34d1c3b5b99d7c36b"
  name = "github.com/prometheus/client_model"
  packages = ["go"]
  pruneopts = "UT"
  revision = "99fa1f4be8e564e8a6b613da7fa6f46c9edafc6c"

[[projects]]
  branch = "master"
  digest = "1:e469cd65badf7694aeb44874518606d93c1d59e7735d3754ad442782437d3cc3"
  name = "github.com/prometheus/common"
  packages = [
    "expfmt",
    "internal/bitbucket.org/ww/goautoneg",
    "model",
  ]
  pruneopts = "UT"
  revision = "7600349dcfe1abd18d72d3a1770870d9800a7801"

[[projects]]
  branch = "master"
  digest = "1:20d9bb50dbee172242f9bcd6ec24a917dd7a5bb17421bf16a79c33111dea7db1"
  name = "github.com/prometheus/procfs"
  packages = [
    ".",
    "internal/util",
    "nfs",
    "xfs",
  ]
  pruneopts = "UT"
  revision = "ae68e2d4c00fed4943b5f6698d504a5fe083da8a"

[[projects]]
  digest = "1:c4556a44e350b50a490544d9b06e9fba9c286c21d6c0e47f54f3a9214597298c"
  name = "github.com/rcrowley/go-metrics"
  packages = ["."]
  pruneopts = "UT"
  revision = "e2704e165165ec55d062f5919b4b29494e9fa790"

[[projects]]
  digest = "1:b0c25f00bad20d783d259af2af8666969e2fc343fa0dc9efe52936bbd67fb758"
  name = "github.com/rs/cors"
  packages = ["."]
  pruneopts = "UT"
  revision = "9a47f48565a795472d43519dd49aac781f3034fb"
  version = "v1.6.0"

[[projects]]
  branch = "master"
  digest = "1:74aa99ef18406ebfdedfb2a07b9a01f9ff2b6d2547b27b33fcdf1007223d75cc"
  name = "github.com/spacemonkeygo/openssl"
  packages = [
    ".",
    "utils",
  ]
  pruneopts = "UT"
  revision = "c2dcc5cca94ac8f7f3f0c20e20050d4cce9d9730"

[[projects]]
  branch = "master"
  digest = "1:d6956eb95db39859627c18e1dd425b2ddd1a0d6000b643a4d4ada8fc887c1e09"
  name = "github.com/spacemonkeygo/spacelog"
  packages = ["."]
  pruneopts = "UT"
  revision = "2296661a0572a51438413369004fa931c2641923"

[[projects]]
  digest = "1:919bb3aa6d9d0b67648c219fa4925312bc3c2872da19e818fa769e9c97a2b643"
  name = "github.com/spaolacci/murmur3"
  packages = ["."]
  pruneopts = "UT"
  revision = "9f5d223c60793748f04a9d5b4b4eacddfc1f755d"
  version = "v1.1"

[[projects]]
  digest = "1:bd1ae00087d17c5a748660b8e89e1043e1e5479d0fea743352cda2f8dd8c4f84"
  name = "github.com/spf13/afero"
  packages = [
    ".",
    "mem",
  ]
  pruneopts = "UT"
  revision = "787d034dfe70e44075ccc060d346146ef53270ad"
  version = "v1.1.1"

[[projects]]
  digest = "1:516e71bed754268937f57d4ecb190e01958452336fa73dbac880894164e91c1f"
  name = "github.com/spf13/cast"
  packages = ["."]
  pruneopts = "UT"
  revision = "8965335b8c7107321228e3e3702cab9832751bac"
  version = "v1.2.0"

[[projects]]
  digest = "1:7ffc0983035bc7e297da3688d9fe19d60a420e9c38bef23f845c53788ed6a05e"
  name = "github.com/spf13/cobra"
  packages = ["."]
  pruneopts = "UT"
  revision = "7b2c5ac9fc04fc5efafb60700713d4fa609b777b"
  version = "v0.0.1"

[[projects]]
  branch = "master"
  digest = "1:080e5f630945ad754f4b920e60b4d3095ba0237ebf88dc462eb28002932e3805"
  name = "github.com/spf13/jwalterweatherman"
  packages = ["."]
  pruneopts = "UT"
  revision = "7c0cea34c8ece3fbeb2b27ab9b59511d360fb394"

[[projects]]
  digest = "1:9424f440bba8f7508b69414634aef3b2b3a877e522d8a4624692412805407bb7"
  name = "github.com/spf13/pflag"
  packages = ["."]
  pruneopts = "UT"
  revision = "583c0c0531f06d5278b7d917446061adc344b5cd"
  version = "v1.0.1"

[[projects]]
  digest = "1:11118bd196646c6515fea3d6c43f66162833c6ae4939bfb229b9956d91c6cf17"
  name = "github.com/spf13/viper"
  packages = ["."]
  pruneopts = "UT"
  revision = "b5bf975e5823809fb22c7644d008757f78a4259e"
  version = "v1.4.0"

[[projects]]
  digest = "1:7e8d267900c7fa7f35129a2a37596e38ed0f11ca746d6d9ba727980ee138f9f6"
  name = "github.com/stretchr/testify"
  packages = [
    "assert",
    "require",
  ]
  pruneopts = "UT"
  revision = "12b6f73e6084dad08a7c6e575284b177ecafbc71"
  version = "v1.2.1"

[[projects]]
  branch = "master"
  digest = "1:b3cfb8d82b1601a846417c3f31c03a7961862cb2c98dcf0959c473843e6d9a2b"
  name = "github.com/syndtr/goleveldb"
  packages = [
    "leveldb",
    "leveldb/cache",
    "leveldb/comparer",
    "leveldb/errors",
    "leveldb/filter",
    "leveldb/iterator",
    "leveldb/journal",
    "leveldb/memdb",
    "leveldb/opt",
    "leveldb/storage",
    "leveldb/table",
    "leveldb/util",
  ]
  pruneopts = "UT"
  revision = "c4c61651e9e37fa117f53c5a906d3b63090d8445"

[[projects]]
  digest = "1:605b6546f3f43745695298ec2d342d3e952b6d91cdf9f349bea9315f677d759f"
  name = "github.com/tendermint/btcd"
  packages = ["btcec"]
  pruneopts = "UT"
  revision = "e5840949ff4fff0c56f9b6a541e22b63581ea9df"

[[projects]]
  digest = "1:a2318b27cf0fb75eb19db3a31039accaae12ab39786b609ed9d2f79ecbf4367d"
  name = "github.com/tendermint/go-amino"
  packages = ["."]
  pruneopts = "UT"
  revision = "b3a81203066cc46107dcf5e2ae6d78260ccc7c5a"
  source = "github.com/binance-chain/bnc-go-amino"
  version = "v0.14.1-binance.1"

[[projects]]
  digest = "1:e4dbbe8b0e24c8ce2920aa83ef5f6a7bcf6499d56145428be052545f3c13fcb9"
  name = "github.com/tendermint/iavl"
  packages = ["."]
  pruneopts = "UT"
  revision = "0b4e51a6b062152fedf6e2ad1adee104a80770a5"
  source = "github.com/binance-chain/bnc-tendermint-iavl"
  version = "v0.12.0-binance.2"

[[projects]]
  digest = "1:2df5aa4ce984493685e3edaf8e5b50e52a42f3ed838bd165dcb8bfb9ea7833b7"
  name = "github.com/tendermint/tendermint"
  packages = [
    "abci/client",
    "abci/example/code",
    "abci/example/counter",
    "abci/example/kvstore",
    "abci/server",
    "abci/types",
    "blockchain",
    "blockchain/hot",
    "cmd/tendermint/commands",
    "config",
    "consensus",
    "consensus/types",
    "crypto",
    "crypto/armor",
    "crypto/ed25519",
    "crypto/encoding/amino",
    "crypto/merkle",
    "crypto/multisig",
    "crypto/multisig/bitarray",
    "crypto/secp256k1",
    "crypto/secp256k1/internal/secp256k1",
    "crypto/tmhash",
    "crypto/xsalsa20symmetric",
    "evidence",
    "libs/autofile",
    "libs/bech32",
    "libs/cli",
    "libs/cli/flags",
    "libs/clist",
    "libs/common",
    "libs/db",
    "libs/events",
    "libs/fail",
    "libs/flowrate",
    "libs/gopool",
    "libs/log",
    "libs/pubsub",
    "libs/pubsub/query",
    "lite",
    "lite/client",
    "lite/errors",
    "lite/proxy",
    "mempool",
    "node",
    "p2p",
    "p2p/conn",
    "p2p/pex",
    "p2p/upnp",
    "privval",
    "proxy",
    "rpc/client",
    "rpc/core",
    "rpc/core/types",
    "rpc/grpc",
    "rpc/lib/client",
    "rpc/lib/server",
    "rpc/lib/types",
    "snapshot",
    "state",
    "state/blockindex",
    "state/blockindex/kv",
    "state/blockindex/null",
    "state/txindex",
    "state/txindex/kv",
    "state/txindex/null",
    "types",
    "types/time",
    "version",
  ]
  pruneopts = "UT"
  revision = "6212bb92288ff6a9b4a6f7099104c8affa8b8d8e"
  source = "github.com/binance-chain/bnc-tendermint"
  version = "v0.31.5-binance.2"

[[projects]]
  branch = "master"
  digest = "1:98fa13beefbf581ec173561adad6374c460631593b4bdcf03adc29cd18e5d2f5"
  name = "github.com/whyrusleeping/base32"
  packages = ["."]
  pruneopts = "UT"
  revision = "c30ac30633ccdabefe87eb12465113f06f1bab75"

[[projects]]
  branch = "master"
  digest = "1:b33eed6794f2b2d1a7d0b45cb705402f26af0f0ad6521667e144ffa71f52d9d9"
  name = "github.com/whyrusleeping/go-keyspace"
  packages = ["."]
  pruneopts = "UT"
  revision = "5b898ac5add1da7178a4a98e69cb7b9205c085ee"

[[projects]]
  branch = "master"
  digest = "1:0102dfa2f98777db8ff68c920bef1be3ff8504e90485b6cdd24d61b981b487b6"
  name = "github.com/whyrusleeping/go-logging"
  packages = ["."]
  pruneopts = "UT"
  revision = "0457bb6b88fc1973573aaf6b5145d8d3ae972390"

[[projects]]
  branch = "master"
  digest = "1:94796f9decedb46b17985693cbe996ce3642a991f0efcf7bf9a6c5197da3eefc"
  name = "github.com/whyrusleeping/go-notifier"
  packages = ["."]
  pruneopts = "UT"
  revision = "097c5d47330ff6a823f67e3515faa13566a62c6f"

[[projects]]
  digest = "1:6c96967502c55c555abfe560f561a124951345e713a8e87cc6e2c214976e6e75"
  name = "github.com/whyrusleeping/mafmt"
  packages = ["."]
  pruneopts = "UT"
  revision = "7aa7fad2ede4e7157818e3e7af5061f866a9ae23"
  version = "v1.2.8"

[[projects]]
  branch = "master"
  digest = "1:94b933c1b26f1da25d25a089937d15987170a0a54109aa521a111345c3e84581"
  name = "github.com/whyrusleeping/multiaddr-filter"
  packages = ["."]
  pruneopts = "UT"
  revision = "e903e4adabd70b78bc9293b6ee4f359afb3f9f59"

[[projects]]
  digest = "1:b73f5e117bc7c6e8fc47128f20db48a873324ad5cfeeebfc505e85c58682b5e4"
  name = "github.com/zondax/hid"
  packages = ["."]
  pruneopts = "T"
  revision = "302fd402163c34626286195dfa9adac758334acc"
  version = "v0.9.0"

[[projects]]
  digest = "1:d73648427026ac9aee38ab95f3aa105743f7aa0cd5bf54823c5fc7b7ab98eb86"
  name = "github.com/zondax/ledger-cosmos-go"
  packages = ["."]
  pruneopts = "UT"
  revision = "35ecc584d1362e3a501828550301e0da391197c2"
  source = "https://github.com/binance-chain/ledger-cosmos-go"
  version = "v0.9.9-binance.2"

[[projects]]
  digest = "1:0509a2e8721ffedf3c03ebed1ac8eda633b8f4ee812d5edcac5c5d77eaeb7f0d"
  name = "go.opencensus.io"
  packages = [
    "internal/tagencoding",
    "metric/metricdata",
    "metric/metricproducer",
    "resource",
    "stats",
    "stats/internal",
    "stats/view",
    "tag",
  ]
  pruneopts = "UT"
  revision = "9c377598961b706d1542bd2d84d538b5094d596e"
  version = "v0.22.0"

[[projects]]
  branch = "master"
  digest = "1:3e4c7966b60df887418bf1b880be9a1e6c36f97ef40491b7bad72d21a4334cd0"
  name = "go.uber.org/ratelimit"
  packages = [
    ".",
    "internal/clock",
  ]
  pruneopts = "UT"
  revision = "c15da02342779cb6dc027fc95ee2277787698f36"

[[projects]]
  digest = "1:d41b686bb562032d1fea4687fec4d7605b57233fa7afefd8e7d749da33f917bf"
  name = "golang.org/x/crypto"
  packages = [
    "argon2",
    "bcrypt",
    "blake2b",
    "blake2s",
    "blowfish",
    "chacha20poly1305",
    "curve25519",
    "ed25519",
    "ed25519/internal/edwards25519",
    "hkdf",
    "internal/chacha20",
    "internal/subtle",
    "nacl/box",
    "nacl/secretbox",
    "openpgp/armor",
    "openpgp/errors",
    "pbkdf2",
    "poly1305",
    "ripemd160",
    "salsa20/salsa",
    "sha3",
  ]
  pruneopts = "UT"
  revision = "45b1026d81ae4466562fd5c62c2755ae851c45b0"
  source = "https://github.com/tendermint/crypto"

[[projects]]
  digest = "1:24c384e57522098ab28a0fa9ce200968d1400d5ad91ea433d83962621f9686f0"
  name = "golang.org/x/net"
  packages = [
    "bpf",
    "context",
    "html",
    "html/atom",
    "html/charset",
    "http/httpguts",
    "http2",
    "http2/hpack",
    "idna",
    "internal/iana",
    "internal/socket",
    "internal/timeseries",
    "ipv4",
    "netutil",
    "trace",
  ]
  pruneopts = "UT"
  revision = "292b43bbf7cb8d35ddf40f8d5100ef3837cced3f"

[[projects]]
  branch = "master"
  digest = "1:1da9d2022068957b5a7080b0f94d3d81bdba624a5ce7467912bd6d4330ba2c3f"
  name = "golang.org/x/sys"
  packages = [
    "cpu",
    "unix",
    "windows",
  ]
  pruneopts = "UT"
  revision = "1b2967e3c290b7c545b3db0deeda16e9be4f98a2"

[[projects]]
  digest = "1:436b24586f8fee329e0dd65fd67c817681420cda1d7f934345c13fe78c212a73"
  name = "golang.org/x/text"
  packages = [
    "collate",
    "collate/build",
    "encoding",
    "encoding/charmap",
    "encoding/htmlindex",
    "encoding/internal",
    "encoding/internal/identifier",
    "encoding/japanese",
    "encoding/korean",
    "encoding/simplifiedchinese",
    "encoding/traditionalchinese",
    "encoding/unicode",
    "internal/colltab",
    "internal/gen",
    "internal/tag",
    "internal/triegen",
    "internal/ucd",
    "internal/utf8internal",
    "language",
    "runes",
    "secure/bidirule",
    "transform",
    "unicode/bidi",
    "unicode/cldr",
    "unicode/norm",
    "unicode/rangetable",
  ]
  pruneopts = "UT"
  revision = "f21a4dfb5e38f5895301dc265a8def02365cc3d0"
  version = "v0.3.0"

[[projects]]
  branch = "master"
  digest = "1:a0e46a43516d3f5ff0ba3636488b8a8df632b2986da49823cd8340c070c1a125"
  name = "golang.org/x/xerrors"
  packages = [
    ".",
    "internal",
  ]
  pruneopts = "UT"
  revision = "1b5146add8981d58be77b16229c0ff0f8bebd8c1"

[[projects]]
  digest = "1:cd018653a358d4b743a9d3bee89e825521f2ab2f2ec0770164bf7632d8d73ab7"
  name = "google.golang.org/genproto"
  packages = ["googleapis/rpc/status"]
  pruneopts = "UT"
  revision = "7fd901a49ba6a7f87732eb344f6e3c5b19d1b200"

[[projects]]
  digest = "1:2dab32a43451e320e49608ff4542fdfc653c95dcc35d0065ec9c6c3dd540ed74"
  name = "google.golang.org/grpc"
  packages = [
    ".",
    "balancer",
    "balancer/base",
    "balancer/roundrobin",
    "codes",
    "connectivity",
    "credentials",
    "encoding",
    "encoding/proto",
    "grpclog",
    "internal",
    "internal/backoff",
    "internal/channelz",
    "internal/grpcrand",
    "keepalive",
    "metadata",
    "naming",
    "peer",
    "resolver",
    "resolver/dns",
    "resolver/passthrough",
    "stats",
    "status",
    "tap",
    "transport",
  ]
  pruneopts = "UT"
  revision = "168a6198bcb0ef175f7dacec0b8691fc141dc9b8"
  version = "v1.13.0"

[[projects]]
  digest = "1:342378ac4dcb378a5448dd723f0784ae519383532f5e70ade24132c4c8693202"
  name = "gopkg.in/yaml.v2"
  packages = ["."]
  pruneopts = "UT"
  revision = "5420a8b6744d3b0345ab293f6fcba19c978f1183"
  version = "v2.2.1"

[solve-meta]
  analyzer-name = "dep"
  analyzer-version = 1
  input-imports = [
    "github.com/Shopify/sarama",
    "github.com/cosmos/cosmos-sdk/baseapp",
    "github.com/cosmos/cosmos-sdk/client",
    "github.com/cosmos/cosmos-sdk/client/context",
    "github.com/cosmos/cosmos-sdk/client/keys",
    "github.com/cosmos/cosmos-sdk/client/rpc",
    "github.com/cosmos/cosmos-sdk/client/tx",
    "github.com/cosmos/cosmos-sdk/client/utils",
    "github.com/cosmos/cosmos-sdk/codec",
    "github.com/cosmos/cosmos-sdk/crypto/keys",
    "github.com/cosmos/cosmos-sdk/server",
    "github.com/cosmos/cosmos-sdk/server/mock",
    "github.com/cosmos/cosmos-sdk/store",
    "github.com/cosmos/cosmos-sdk/types",
    "github.com/cosmos/cosmos-sdk/version",
    "github.com/cosmos/cosmos-sdk/x/auth",
    "github.com/cosmos/cosmos-sdk/x/auth/client/cli",
    "github.com/cosmos/cosmos-sdk/x/auth/client/rest",
    "github.com/cosmos/cosmos-sdk/x/auth/client/txbuilder",
    "github.com/cosmos/cosmos-sdk/x/bank",
    "github.com/cosmos/cosmos-sdk/x/bank/client",
    "github.com/cosmos/cosmos-sdk/x/bank/client/cli",
    "github.com/cosmos/cosmos-sdk/x/bank/client/rest",
    "github.com/cosmos/cosmos-sdk/x/gov",
    "github.com/cosmos/cosmos-sdk/x/gov/client/cli",
    "github.com/cosmos/cosmos-sdk/x/gov/client/rest",
    "github.com/cosmos/cosmos-sdk/x/mock",
    "github.com/cosmos/cosmos-sdk/x/params",
    "github.com/cosmos/cosmos-sdk/x/stake",
    "github.com/cosmos/cosmos-sdk/x/stake/client/cli",
    "github.com/deathowl/go-metrics-prometheus",
    "github.com/eapache/go-resiliency/breaker",
    "github.com/go-kit/kit/metrics",
    "github.com/go-kit/kit/metrics/prometheus",
    "github.com/golang/go/src/io/ioutil",
    "github.com/google/btree",
    "github.com/gorilla/mux",
    "github.com/hashicorp/golang-lru",
    "github.com/linkedin/goavro",
    "github.com/mitchellh/go-homedir",
    "github.com/natefinch/lumberjack",
    "github.com/pkg/errors",
    "github.com/prometheus/client_golang/prometheus",
    "github.com/prometheus/client_golang/prometheus/promhttp",
    "github.com/spf13/cobra",
    "github.com/spf13/viper",
    "github.com/stretchr/testify/assert",
    "github.com/stretchr/testify/require",
    "github.com/tendermint/go-amino",
    "github.com/tendermint/iavl",
    "github.com/tendermint/tendermint/abci/client",
    "github.com/tendermint/tendermint/abci/server",
    "github.com/tendermint/tendermint/abci/types",
    "github.com/tendermint/tendermint/blockchain",
    "github.com/tendermint/tendermint/cmd/tendermint/commands",
    "github.com/tendermint/tendermint/config",
    "github.com/tendermint/tendermint/consensus",
    "github.com/tendermint/tendermint/crypto",
    "github.com/tendermint/tendermint/crypto/ed25519",
    "github.com/tendermint/tendermint/crypto/encoding/amino",
    "github.com/tendermint/tendermint/crypto/secp256k1",
    "github.com/tendermint/tendermint/crypto/tmhash",
    "github.com/tendermint/tendermint/libs/cli",
    "github.com/tendermint/tendermint/libs/cli/flags",
    "github.com/tendermint/tendermint/libs/common",
    "github.com/tendermint/tendermint/libs/db",
    "github.com/tendermint/tendermint/libs/log",
    "github.com/tendermint/tendermint/lite/proxy",
    "github.com/tendermint/tendermint/node",
    "github.com/tendermint/tendermint/p2p",
    "github.com/tendermint/tendermint/privval",
    "github.com/tendermint/tendermint/rpc/client",
    "github.com/tendermint/tendermint/rpc/core/types",
    "github.com/tendermint/tendermint/rpc/lib/server",
    "github.com/tendermint/tendermint/snapshot",
    "github.com/tendermint/tendermint/state",
    "github.com/tendermint/tendermint/types",
    "go.uber.org/ratelimit",
  ]
  solver-name = "gps-cdcl"
  solver-version = 1
